
Microsoft Visual Studio Solution File, Format Version 12.00
# Visual Studio Version 17
VisualStudioVersion = 17.7.34221.43
MinimumVisualStudioVersion = 10.0.40219.1
Project("{888888A0-9F3D-457C-B088-3A5042F75D52}") = "PR2", "PR2.pyproj", "{5366FEF7-A805-4516-B43A-31DDFA9F955D}"
EndProject
Global
	GlobalSection(SolutionConfigurationPlatforms) = preSolution
		Debug|Any CPU = Debug|Any CPU
		Release|Any CPU = Release|Any CPU
	EndGlobalSection
	GlobalSection(ProjectConfigurationPlatforms) = postSolution
		{5366FEF7-A805-4516-B43A-31DDFA9F955D}.Debug|Any CPU.ActiveCfg = Debug|Any CPU
		{5366FEF7-A805-4516-B43A-31DDFA9F955D}.Release|Any CPU.ActiveCfg = Release|Any CPU
	EndGlobalSection
	GlobalSection(SolutionProperties) = preSolution
		HideSolutionNode = FALSE
	EndGlobalSection
	GlobalSection(ExtensibilityGlobals) = postSolution
		SolutionGuid = {7B97A2EC-CC16-48BC-A1BE-3630E5854E59}
	EndGlobalSection
EndGlobal
